
Microsoft Visual Studio Solution File, Format Version 12.00
# Visual Studio 14
VisualStudioVersion = 14.0.24720.0
MinimumVisualStudioVersion = 10.0.40219.1
Project("{FAE04EC0-301F-11D3-BF4B-00C04F79EFBC}") = "GreenICT", "GreenICT\GreenICT.csproj", "{6BC1EA47-AA51-41C3-9047-F824D228DB96}"
EndProject
Project("{FAE04EC0-301F-11D3-BF4B-00C04F79EFBC}") = "domain", "domain\domain.csproj", "{39D75F49-43AA-4C2C-AA61-D3EE0A1F20AA}"
EndProject
Global
	GlobalSection(SolutionConfigurationPlatforms) = preSolution
		Debug|Any CPU = Debug|Any CPU
		Release|Any CPU = Release|Any CPU
	EndGlobalSection
	GlobalSection(ProjectConfigurationPlatforms) = postSolution
		{6BC1EA47-AA51-41C3-9047-F824D228DB96}.Debug|Any CPU.ActiveCfg = Debug|Any CPU
		{6BC1EA47-AA51-41C3-9047-F824D228DB96}.Debug|Any CPU.Build.0 = Debug|Any CPU
		{6BC1EA47-AA51-41C3-9047-F824D228DB96}.Release|Any CPU.ActiveCfg = Release|Any CPU
		{6BC1EA47-AA51-41C3-9047-F824D228DB96}.Release|Any CPU.Build.0 = Release|Any CPU
		{39D75F49-43AA-4C2C-AA61-D3EE0A1F20AA}.Debug|Any CPU.ActiveCfg = Debug|Any CPU
		{39D75F49-43AA-4C2C-AA61-D3EE0A1F20AA}.Debug|Any CPU.Build.0 = Debug|Any CPU
		{39D75F49-43AA-4C2C-AA61-D3EE0A1F20AA}.Release|Any CPU.ActiveCfg = Release|Any CPU
		{39D75F49-43AA-4C2C-AA61-D3EE0A1F20AA}.Release|Any CPU.Build.0 = Release|Any CPU
	EndGlobalSection
	GlobalSection(SolutionProperties) = preSolution
		HideSolutionNode = FALSE
	EndGlobalSection
EndGlobal
